
Microsoft Visual Studio Solution File, Format Version 12.00
# Visual Studio Version 17
VisualStudioVersion = 17.1.32421.90
MinimumVisualStudioVersion = 10.0.40219.1
Project("{FAE04EC0-301F-11D3-BF4B-00C04F79EFBC}") = "AdventOfCode2022", "AdventOfCode2022.csproj", "{97314CAC-ACC8-4F32-984C-679A3EF7B737}"
EndProject
Global
	GlobalSection(SolutionConfigurationPlatforms) = preSolution
		Debug|Any CPU = Debug|Any CPU
		Release|Any CPU = Release|Any CPU
	EndGlobalSection
	GlobalSection(ProjectConfigurationPlatforms) = postSolution
		{97314CAC-ACC8-4F32-984C-679A3EF7B737}.Debug|Any CPU.ActiveCfg = Debug|Any CPU
		{97314CAC-ACC8-4F32-984C-679A3EF7B737}.Debug|Any CPU.Build.0 = Debug|Any CPU
		{97314CAC-ACC8-4F32-984C-679A3EF7B737}.Release|Any CPU.ActiveCfg = Release|Any CPU
		{97314CAC-ACC8-4F32-984C-679A3EF7B737}.Release|Any CPU.Build.0 = Release|Any CPU
	EndGlobalSection
	GlobalSection(SolutionProperties) = preSolution
		HideSolutionNode = FALSE
	EndGlobalSection
	GlobalSection(ExtensibilityGlobals) = postSolution
		SolutionGuid = {230635BD-56EC-4152-ADE4-D2C2B8E5BC9B}
	EndGlobalSection
EndGlobal
