
Microsoft Visual Studio Solution File, Format Version 12.00
# Visual Studio Version 17
VisualStudioVersion = 17.1.32421.90
MinimumVisualStudioVersion = 10.0.40219.1
Project("{2150E333-8FDC-42A3-9474-1A3956D46DE8}") = "Day1", "Day1", "{283249F0-D6CF-47FD-A25B-F3ACBE7A0E85}"
EndProject
Project("{FAE04EC0-301F-11D3-BF4B-00C04F79EFBC}") = "Day1", "Day1\Day1.csproj", "{70579FAD-68D1-44C4-B231-F02493127C4D}"
EndProject
Project("{2150E333-8FDC-42A3-9474-1A3956D46DE8}") = "Day2", "Day2", "{88B52AD4-E8D5-45C1-A056-6A1C0144FA0D}"
EndProject
Project("{FAE04EC0-301F-11D3-BF4B-00C04F79EFBC}") = "Day2", "Day2\Day2.csproj", "{5EBF1894-7DFF-4146-8822-5BCBD6928886}"
EndProject
Project("{2150E333-8FDC-42A3-9474-1A3956D46DE8}") = "Day3", "Day3", "{44E2E674-50FB-4889-AC87-B0CD272C65DA}"
EndProject
Project("{FAE04EC0-301F-11D3-BF4B-00C04F79EFBC}") = "Day3", "Day3\Day3.csproj", "{63CDB1CB-7CBC-4036-8F39-E67591F811D6}"
EndProject
Project("{2150E333-8FDC-42A3-9474-1A3956D46DE8}") = "Day4", "Day4", "{3047507C-5C92-48D9-B36F-B266F7957958}"
EndProject
Project("{FAE04EC0-301F-11D3-BF4B-00C04F79EFBC}") = "Day4", "Day4\Day4.csproj", "{097A6624-FAD2-4991-9751-69A9A9064656}"
EndProject
Global
	GlobalSection(SolutionConfigurationPlatforms) = preSolution
		Debug|Any CPU = Debug|Any CPU
		Release|Any CPU = Release|Any CPU
	EndGlobalSection
	GlobalSection(ProjectConfigurationPlatforms) = postSolution
		{70579FAD-68D1-44C4-B231-F02493127C4D}.Debug|Any CPU.ActiveCfg = Debug|Any CPU
		{70579FAD-68D1-44C4-B231-F02493127C4D}.Debug|Any CPU.Build.0 = Debug|Any CPU
		{70579FAD-68D1-44C4-B231-F02493127C4D}.Release|Any CPU.ActiveCfg = Release|Any CPU
		{70579FAD-68D1-44C4-B231-F02493127C4D}.Release|Any CPU.Build.0 = Release|Any CPU
		{5EBF1894-7DFF-4146-8822-5BCBD6928886}.Debug|Any CPU.ActiveCfg = Debug|Any CPU
		{5EBF1894-7DFF-4146-8822-5BCBD6928886}.Debug|Any CPU.Build.0 = Debug|Any CPU
		{5EBF1894-7DFF-4146-8822-5BCBD6928886}.Release|Any CPU.ActiveCfg = Release|Any CPU
		{5EBF1894-7DFF-4146-8822-5BCBD6928886}.Release|Any CPU.Build.0 = Release|Any CPU
		{63CDB1CB-7CBC-4036-8F39-E67591F811D6}.Debug|Any CPU.ActiveCfg = Debug|Any CPU
		{63CDB1CB-7CBC-4036-8F39-E67591F811D6}.Debug|Any CPU.Build.0 = Debug|Any CPU
		{63CDB1CB-7CBC-4036-8F39-E67591F811D6}.Release|Any CPU.ActiveCfg = Release|Any CPU
		{63CDB1CB-7CBC-4036-8F39-E67591F811D6}.Release|Any CPU.Build.0 = Release|Any CPU
		{097A6624-FAD2-4991-9751-69A9A9064656}.Debug|Any CPU.ActiveCfg = Debug|Any CPU
		{097A6624-FAD2-4991-9751-69A9A9064656}.Debug|Any CPU.Build.0 = Debug|Any CPU
		{097A6624-FAD2-4991-9751-69A9A9064656}.Release|Any CPU.ActiveCfg = Release|Any CPU
		{097A6624-FAD2-4991-9751-69A9A9064656}.Release|Any CPU.Build.0 = Release|Any CPU
	EndGlobalSection
	GlobalSection(SolutionProperties) = preSolution
		HideSolutionNode = FALSE
	EndGlobalSection
	GlobalSection(NestedProjects) = preSolution
		{70579FAD-68D1-44C4-B231-F02493127C4D} = {283249F0-D6CF-47FD-A25B-F3ACBE7A0E85}
		{5EBF1894-7DFF-4146-8822-5BCBD6928886} = {88B52AD4-E8D5-45C1-A056-6A1C0144FA0D}
		{63CDB1CB-7CBC-4036-8F39-E67591F811D6} = {44E2E674-50FB-4889-AC87-B0CD272C65DA}
		{097A6624-FAD2-4991-9751-69A9A9064656} = {3047507C-5C92-48D9-B36F-B266F7957958}
	EndGlobalSection
	GlobalSection(ExtensibilityGlobals) = postSolution
		SolutionGuid = {230635BD-56EC-4152-ADE4-D2C2B8E5BC9B}
	EndGlobalSection
EndGlobal
